
#
# CprE 381 Generated Quartus Settings File
#

set_global_assignment -name FAMILY "Cyclone IV E"
set_global_assignment -name DEVICE EP4CE115F29C7
set_global_assignment -name ORIGINAL_QUARTUS_VERSION 21.1.1
set_global_assignment -name PROJECT_CREATION_TIME_DATE "19:07:08  JANUARY 28, 2019"
set_global_assignment -name LAST_QUARTUS_VERSION "21.1.1 Standard Edition"
set_global_assignment -name PROJECT_OUTPUT_DIRECTORY output_files
set_global_assignment -name PARTITION_NETLIST_TYPE SOURCE -section_id Top
set_global_assignment -name PARTITION_FITTER_PRESERVATION_LEVEL PLACEMENT_AND_ROUTING -section_id Top
set_global_assignment -name PARTITION_COLOR 16764057 -section_id Top
set_global_assignment -name TOP_LEVEL_ENTITY RISCV_Processor
set_global_assignment -name VHDL_INPUT_VERSION VHDL_2008
set_global_assignment -name VHDL_FILE "/home/davidnr/CPRE_381/CPRE381_Proj2_SW/CPRE381_Proj2_SW/proj/src/RISCV_types.vhd"
set_global_assignment -name VHDL_FILE "/home/davidnr/CPRE_381/CPRE381_Proj2_SW/CPRE381_Proj2_SW/proj/src/TopLevel/RISCV_Processor.vhd"
set_global_assignment -name VHDL_FILE "/home/davidnr/CPRE_381/CPRE381_Proj2_SW/CPRE381_Proj2_SW/proj/src/TopLevel/mem.vhd"
set_global_assignment -name VHDL_FILE "/home/davidnr/CPRE_381/CPRE381_Proj2_SW/CPRE381_Proj2_SW/proj/src/alu/adder.vhd"
set_global_assignment -name VHDL_FILE "/home/davidnr/CPRE_381/CPRE381_Proj2_SW/CPRE381_Proj2_SW/proj/src/alu/adder_S.vhd"
set_global_assignment -name VHDL_FILE "/home/davidnr/CPRE_381/CPRE381_Proj2_SW/CPRE381_Proj2_SW/proj/src/alu/alu.vhd"
set_global_assignment -name VHDL_FILE "/home/davidnr/CPRE_381/CPRE381_Proj2_SW/CPRE381_Proj2_SW/proj/src/alu/alu_decoder.vhd"
set_global_assignment -name VHDL_FILE "/home/davidnr/CPRE_381/CPRE381_Proj2_SW/CPRE381_Proj2_SW/proj/src/alu/and32.vhd"
set_global_assignment -name VHDL_FILE "/home/davidnr/CPRE_381/CPRE381_Proj2_SW/CPRE381_Proj2_SW/proj/src/alu/andg2.vhd"
set_global_assignment -name VHDL_FILE "/home/davidnr/CPRE_381/CPRE381_Proj2_SW/CPRE381_Proj2_SW/proj/src/alu/barrel_shifter.vhd"
set_global_assignment -name VHDL_FILE "/home/davidnr/CPRE_381/CPRE381_Proj2_SW/CPRE381_Proj2_SW/proj/src/alu/mux_8t1_32.vhd"
set_global_assignment -name VHDL_FILE "/home/davidnr/CPRE_381/CPRE381_Proj2_SW/CPRE381_Proj2_SW/proj/src/alu/nor32t1.vhd"
set_global_assignment -name VHDL_FILE "/home/davidnr/CPRE_381/CPRE381_Proj2_SW/CPRE381_Proj2_SW/proj/src/alu/or32.vhd"
set_global_assignment -name VHDL_FILE "/home/davidnr/CPRE_381/CPRE381_Proj2_SW/CPRE381_Proj2_SW/proj/src/alu/org2.vhd"
set_global_assignment -name VHDL_FILE "/home/davidnr/CPRE_381/CPRE381_Proj2_SW/CPRE381_Proj2_SW/proj/src/alu/xor32.vhd"
set_global_assignment -name VHDL_FILE "/home/davidnr/CPRE_381/CPRE381_Proj2_SW/CPRE381_Proj2_SW/proj/src/alu/xorg2.vhd"
set_global_assignment -name VHDL_FILE "/home/davidnr/CPRE_381/CPRE381_Proj2_SW/CPRE381_Proj2_SW/proj/src/barrel_shifter.vhd"
set_global_assignment -name VHDL_FILE "/home/davidnr/CPRE_381/CPRE381_Proj2_SW/CPRE381_Proj2_SW/proj/src/control_decoder.vhd"
set_global_assignment -name VHDL_FILE "/home/davidnr/CPRE_381/CPRE381_Proj2_SW/CPRE381_Proj2_SW/proj/src/custom_types.vhd"
set_global_assignment -name VHDL_FILE "/home/davidnr/CPRE_381/CPRE381_Proj2_SW/CPRE381_Proj2_SW/proj/src/fetch_logic.vhd"
set_global_assignment -name VHDL_FILE "/home/davidnr/CPRE_381/CPRE381_Proj2_SW/CPRE381_Proj2_SW/proj/src/imm_gen.vhd"
set_global_assignment -name VHDL_FILE "/home/davidnr/CPRE_381/CPRE381_Proj2_SW/CPRE381_Proj2_SW/proj/src/mem_slice.vhd"
set_global_assignment -name VHDL_FILE "/home/davidnr/CPRE_381/CPRE381_Proj2_SW/CPRE381_Proj2_SW/proj/src/mux2t1.vhd"
set_global_assignment -name VHDL_FILE "/home/davidnr/CPRE_381/CPRE381_Proj2_SW/CPRE381_Proj2_SW/proj/src/pipeline_stages/EX_MEM.vhd"
set_global_assignment -name VHDL_FILE "/home/davidnr/CPRE_381/CPRE381_Proj2_SW/CPRE381_Proj2_SW/proj/src/pipeline_stages/ID_EX.vhd"
set_global_assignment -name VHDL_FILE "/home/davidnr/CPRE_381/CPRE381_Proj2_SW/CPRE381_Proj2_SW/proj/src/pipeline_stages/IF_ID.vhd"
set_global_assignment -name VHDL_FILE "/home/davidnr/CPRE_381/CPRE381_Proj2_SW/CPRE381_Proj2_SW/proj/src/pipeline_stages/MEM_WB.vhd"
set_global_assignment -name VHDL_FILE "/home/davidnr/CPRE_381/CPRE381_Proj2_SW/CPRE381_Proj2_SW/proj/src/reg_file/decoder_5_32.vhd"
set_global_assignment -name VHDL_FILE "/home/davidnr/CPRE_381/CPRE381_Proj2_SW/CPRE381_Proj2_SW/proj/src/reg_file/dffg.vhd"
set_global_assignment -name VHDL_FILE "/home/davidnr/CPRE_381/CPRE381_Proj2_SW/CPRE381_Proj2_SW/proj/src/reg_file/mux_32_32.vhd"
set_global_assignment -name VHDL_FILE "/home/davidnr/CPRE_381/CPRE381_Proj2_SW/CPRE381_Proj2_SW/proj/src/reg_file/reg_file.vhd"
set_global_assignment -name VHDL_FILE "/home/davidnr/CPRE_381/CPRE381_Proj2_SW/CPRE381_Proj2_SW/proj/src/reg_file/reg_n.vhd"
